// !$*UTF8*$!
{
	archiveVersion = 1;
	classes = {
	};
	objectVersion = 55;
	objects = {

/* Begin PBXBuildFile section */
		6431A2642782DE0A00EC05FC /* main.cpp in Sources */ = {isa = PBXBuildFile; fileRef = 6431A2632782DE0A00EC05FC /* main.cpp */; };
		6431A2652782DE6300EC05FC /* libSDLmain.a in Frameworks */ = {isa = PBXBuildFile; fileRef = A77E805E277F756000E42AD8 /* libSDLmain.a */; };
		64A5605C2782DECA002B8A78 /* libSDL_image.a in Frameworks */ = {isa = PBXBuildFile; fileRef = 6431A2682782DEAF00EC05FC /* libSDL_image.a */; };
		64CACAA5278C25E6006890D0 /* CBattle.cpp in Sources */ = {isa = PBXBuildFile; fileRef = 64CACAA3278C25E6006890D0 /* CBattle.cpp */; };
		64CACAA7278C34CA006890D0 /* CRand.cpp in Sources */ = {isa = PBXBuildFile; fileRef = 64CACAA6278C34CA006890D0 /* CRand.cpp */; };
		64CACAAA278F0071006890D0 /* CVFX.cpp in Sources */ = {isa = PBXBuildFile; fileRef = 64CACAA8278F0070006890D0 /* CVFX.cpp */; };
		64E7211B2787231D0020A636 /* CPokimac.cpp in Sources */ = {isa = PBXBuildFile; fileRef = 64E721192787231D0020A636 /* CPokimac.cpp */; };
		64E7211E278832EA0020A636 /* CHouse.cpp in Sources */ = {isa = PBXBuildFile; fileRef = 64E7211C278832EA0020A636 /* CHouse.cpp */; };
		64E7212127885E090020A636 /* CMenu.cpp in Sources */ = {isa = PBXBuildFile; fileRef = 64E7211F27885E090020A636 /* CMenu.cpp */; };
		64E909B02782DEF600933B8B /* libSDL_ttf.a in Frameworks */ = {isa = PBXBuildFile; fileRef = 64A5605D2782DEDB002B8A78 /* libSDL_ttf.a */; };
		A778417A277F1F2200660EF5 /* CEvent.cpp in Sources */ = {isa = PBXBuildFile; fileRef = A7784178277F1F2200660EF5 /* CEvent.cpp */; };
		A77E8058277F6DB200E42AD8 /* libSDL.a in Frameworks */ = {isa = PBXBuildFile; fileRef = A77E8057277F6DB200E42AD8 /* libSDL.a */; };
		A77E805F277F756000E42AD8 /* libSDLmain.a in Frameworks */ = {isa = PBXBuildFile; fileRef = A77E805E277F756000E42AD8 /* libSDLmain.a */; };
		A77E80A7278083D400E42AD8 /* CAnimation.cpp in Sources */ = {isa = PBXBuildFile; fileRef = A77E80A5278083D400E42AD8 /* CAnimation.cpp */; };
		A77E80B32780B48F00E42AD8 /* CEntity.cpp in Sources */ = {isa = PBXBuildFile; fileRef = A77E80B12780B48F00E42AD8 /* CEntity.cpp */; };
		A77E80B72780C0D600E42AD8 /* CArea.cpp in Sources */ = {isa = PBXBuildFile; fileRef = A77E80B52780C0D600E42AD8 /* CArea.cpp */; };
		A77E80BA2780C0E900E42AD8 /* CMap.cpp in Sources */ = {isa = PBXBuildFile; fileRef = A77E80B82780C0E900E42AD8 /* CMap.cpp */; };
		A77E80BD2780C0F400E42AD8 /* CTile.cpp in Sources */ = {isa = PBXBuildFile; fileRef = A77E80BB2780C0F400E42AD8 /* CTile.cpp */; };
		A77E80D02780DCD900E42AD8 /* CCamera.cpp in Sources */ = {isa = PBXBuildFile; fileRef = A77E80CE2780DCD900E42AD8 /* CCamera.cpp */; };
		A77E80D72781134D00E42AD8 /* Cocoa.framework in Frameworks */ = {isa = PBXBuildFile; fileRef = A77E80D62781134D00E42AD8 /* Cocoa.framework */; };
		A77E80D92781135300E42AD8 /* Foundation.framework in Frameworks */ = {isa = PBXBuildFile; fileRef = A77E80D82781135300E42AD8 /* Foundation.framework */; platformFilter = maccatalyst; };
		A77E80DC2781BB7300E42AD8 /* CFPS.cpp in Sources */ = {isa = PBXBuildFile; fileRef = A77E80DA2781BB7300E42AD8 /* CFPS.cpp */; };
		A77E80DE2781C31900E42AD8 /* CEntityCol.cpp in Sources */ = {isa = PBXBuildFile; fileRef = A77E80DD2781C31900E42AD8 /* CEntityCol.cpp */; };
		A77E80E12781D25000E42AD8 /* CPlayer.cpp in Sources */ = {isa = PBXBuildFile; fileRef = A77E80DF2781D25000E42AD8 /* CPlayer.cpp */; };
		A77E80E42781F0D400E42AD8 /* CApp_Text.cpp in Sources */ = {isa = PBXBuildFile; fileRef = A77E80E32781F0D400E42AD8 /* CApp_Text.cpp */; };
		A77E80EC2783AB7A00E42AD8 /* font in Copy Files */ = {isa = PBXBuildFile; fileRef = A77E80E82783AB7A00E42AD8 /* font */; };
		A77E80ED2783AB7A00E42AD8 /* map in Copy Files */ = {isa = PBXBuildFile; fileRef = A77E80E92783AB7A00E42AD8 /* map */; };
		A77E80EE2783AB7A00E42AD8 /* tileset in Copy Files */ = {isa = PBXBuildFile; fileRef = A77E80EA2783AB7A00E42AD8 /* tileset */; };
		A77E80F12783AC3500E42AD8 /* img in Copy Files */ = {isa = PBXBuildFile; fileRef = A77E80F02783AC3500E42AD8 /* img */; };
		A77E80F42783C87600E42AD8 /* CTimer.cpp in Sources */ = {isa = PBXBuildFile; fileRef = A77E80F22783C87600E42AD8 /* CTimer.cpp */; };
		A77E80F72793349A00E42AD8 /* CApp.cpp in Sources */ = {isa = PBXBuildFile; fileRef = A77E80F62793349A00E42AD8 /* CApp.cpp */; };
		A7BF0C81277DD9A100FAA46B /* CApp_OnInit.cpp in Sources */ = {isa = PBXBuildFile; fileRef = A7BF0C80277DD9A100FAA46B /* CApp_OnInit.cpp */; };
		A7BF0C83277DD9B700FAA46B /* CApp_OnEvent.cpp in Sources */ = {isa = PBXBuildFile; fileRef = A7BF0C82277DD9B700FAA46B /* CApp_OnEvent.cpp */; };
		A7BF0C85277DD9C900FAA46B /* CApp_OnLoop.cpp in Sources */ = {isa = PBXBuildFile; fileRef = A7BF0C84277DD9C900FAA46B /* CApp_OnLoop.cpp */; };
		A7BF0C87277DD9DF00FAA46B /* CApp_OnRender.cpp in Sources */ = {isa = PBXBuildFile; fileRef = A7BF0C86277DD9DF00FAA46B /* CApp_OnRender.cpp */; };
		A7BF0C89277DD9EF00FAA46B /* CApp_OnCleanup.cpp in Sources */ = {isa = PBXBuildFile; fileRef = A7BF0C88277DD9EF00FAA46B /* CApp_OnCleanup.cpp */; };
		A7D956B8277DF482003F0AC3 /* CSurface.cpp in Sources */ = {isa = PBXBuildFile; fileRef = A7D956B6277DF482003F0AC3 /* CSurface.cpp */; };
/* End PBXBuildFile section */

/* Begin PBXCopyFilesBuildPhase section */
		A7BF0C6B277DD0EF00FAA46B /* Copy Files */ = {
			isa = PBXCopyFilesBuildPhase;
			buildActionMask = 12;
			dstPath = "/Users/missbidule/Library/Developer/Xcode/DerivedData/Pokimac-cxbibycjylukimavhwljxqyzpgcq/Build/Products/Debug";
			dstSubfolderSpec = 0;
			files = (
				A77E80F12783AC3500E42AD8 /* img in Copy Files */,
				A77E80EC2783AB7A00E42AD8 /* font in Copy Files */,
				A77E80ED2783AB7A00E42AD8 /* map in Copy Files */,
				A77E80EE2783AB7A00E42AD8 /* tileset in Copy Files */,
			);
			name = "Copy Files";
			runOnlyForDeploymentPostprocessing = 0;
		};
		A7BF0C97277DECAC00FAA46B /* Embed Frameworks */ = {
			isa = PBXCopyFilesBuildPhase;
			buildActionMask = 8;
			dstPath = "";
			dstSubfolderSpec = 10;
			files = (
			);
			name = "Embed Frameworks";
			runOnlyForDeploymentPostprocessing = 1;
		};
/* End PBXCopyFilesBuildPhase section */

/* Begin PBXFileReference section */
		6431A2632782DE0A00EC05FC /* main.cpp */ = {isa = PBXFileReference; fileEncoding = 4; lastKnownFileType = sourcecode.cpp.cpp; path = main.cpp; sourceTree = "<group>"; };
		6431A2662782DE6C00EC05FC /* libSDL_image.a */ = {isa = PBXFileReference; lastKnownFileType = archive.ar; path = libSDL_image.a; sourceTree = "<group>"; };
		6431A2672782DE9600EC05FC /* libSDLmain.a */ = {isa = PBXFileReference; lastKnownFileType = archive.ar; name = libSDLmain.a; path = ../../../../../../../opt/homebrew/Cellar/sdl/1.2.15_3/lib/libSDLmain.a; sourceTree = "<group>"; };
		6431A2682782DEAF00EC05FC /* libSDL_image.a */ = {isa = PBXFileReference; lastKnownFileType = archive.ar; name = libSDL_image.a; path = ../../../../../../../opt/homebrew/Cellar/sdl_image/1.2.12_7/lib/libSDL_image.a; sourceTree = "<group>"; };
		64A5605D2782DEDB002B8A78 /* libSDL_ttf.a */ = {isa = PBXFileReference; lastKnownFileType = archive.ar; name = libSDL_ttf.a; path = ../../../../../../../opt/homebrew/Cellar/sdl_ttf/2.0.11_1/lib/libSDL_ttf.a; sourceTree = "<group>"; };
		64CACAA3278C25E6006890D0 /* CBattle.cpp */ = {isa = PBXFileReference; indentWidth = 4; lastKnownFileType = sourcecode.cpp.cpp; path = CBattle.cpp; sourceTree = "<group>"; tabWidth = 4; };
		64CACAA4278C25E6006890D0 /* CBattle.hpp */ = {isa = PBXFileReference; lastKnownFileType = sourcecode.cpp.h; path = CBattle.hpp; sourceTree = "<group>"; };
		64CACAA6278C34CA006890D0 /* CRand.cpp */ = {isa = PBXFileReference; lastKnownFileType = sourcecode.cpp.cpp; path = CRand.cpp; sourceTree = "<group>"; };
		64CACAA8278F0070006890D0 /* CVFX.cpp */ = {isa = PBXFileReference; lastKnownFileType = sourcecode.cpp.cpp; path = CVFX.cpp; sourceTree = "<group>"; };
		64CACAA9278F0071006890D0 /* CVFX.hpp */ = {isa = PBXFileReference; lastKnownFileType = sourcecode.cpp.h; path = CVFX.hpp; sourceTree = "<group>"; };
		64E721192787231D0020A636 /* CPokimac.cpp */ = {isa = PBXFileReference; lastKnownFileType = sourcecode.cpp.cpp; path = CPokimac.cpp; sourceTree = "<group>"; };
		64E7211A2787231D0020A636 /* CPokimac.hpp */ = {isa = PBXFileReference; lastKnownFileType = sourcecode.cpp.h; path = CPokimac.hpp; sourceTree = "<group>"; };
		64E7211C278832EA0020A636 /* CHouse.cpp */ = {isa = PBXFileReference; lastKnownFileType = sourcecode.cpp.cpp; path = CHouse.cpp; sourceTree = "<group>"; };
		64E7211D278832EA0020A636 /* CHouse.hpp */ = {isa = PBXFileReference; lastKnownFileType = sourcecode.cpp.h; path = CHouse.hpp; sourceTree = "<group>"; };
		64E7211F27885E090020A636 /* CMenu.cpp */ = {isa = PBXFileReference; lastKnownFileType = sourcecode.cpp.cpp; path = CMenu.cpp; sourceTree = "<group>"; };
		64E7212027885E090020A636 /* CMenu.hpp */ = {isa = PBXFileReference; lastKnownFileType = sourcecode.cpp.h; path = CMenu.hpp; sourceTree = "<group>"; };
		A7784174277E0D5400660EF5 /* sample.bmp */ = {isa = PBXFileReference; lastKnownFileType = image.bmp; path = sample.bmp; sourceTree = "<group>"; };
		A7784178277F1F2200660EF5 /* CEvent.cpp */ = {isa = PBXFileReference; lastKnownFileType = sourcecode.cpp.cpp; path = CEvent.cpp; sourceTree = "<group>"; };
		A7784179277F1F2200660EF5 /* CEvent.hpp */ = {isa = PBXFileReference; lastKnownFileType = sourcecode.cpp.h; path = CEvent.hpp; sourceTree = "<group>"; };
		A77E8057277F6DB200E42AD8 /* libSDL.a */ = {isa = PBXFileReference; lastKnownFileType = archive.ar; path = libSDL.a; sourceTree = "<group>"; };
		A77E805B277F748600E42AD8 /* libSDL_image.a */ = {isa = PBXFileReference; lastKnownFileType = archive.ar; name = libSDL_image.a; path = ../../../../../../../usr/local/Cellar/sdl_image/1.2.12_7/lib/libSDL_image.a; sourceTree = "<group>"; };
		A77E805E277F756000E42AD8 /* libSDLmain.a */ = {isa = PBXFileReference; lastKnownFileType = archive.ar; path = libSDLmain.a; sourceTree = "<group>"; };
		A77E80A5278083D400E42AD8 /* CAnimation.cpp */ = {isa = PBXFileReference; lastKnownFileType = sourcecode.cpp.cpp; path = CAnimation.cpp; sourceTree = "<group>"; };
		A77E80A6278083D400E42AD8 /* CAnimation.hpp */ = {isa = PBXFileReference; lastKnownFileType = sourcecode.cpp.h; path = CAnimation.hpp; sourceTree = "<group>"; };
		A77E80B12780B48F00E42AD8 /* CEntity.cpp */ = {isa = PBXFileReference; lastKnownFileType = sourcecode.cpp.cpp; path = CEntity.cpp; sourceTree = "<group>"; };
		A77E80B22780B48F00E42AD8 /* CEntity.hpp */ = {isa = PBXFileReference; lastKnownFileType = sourcecode.cpp.h; path = CEntity.hpp; sourceTree = "<group>"; };
		A77E80B42780C0C300E42AD8 /* Define.h */ = {isa = PBXFileReference; lastKnownFileType = sourcecode.c.h; path = Define.h; sourceTree = "<group>"; };
		A77E80B52780C0D600E42AD8 /* CArea.cpp */ = {isa = PBXFileReference; lastKnownFileType = sourcecode.cpp.cpp; path = CArea.cpp; sourceTree = "<group>"; };
		A77E80B62780C0D600E42AD8 /* CArea.hpp */ = {isa = PBXFileReference; lastKnownFileType = sourcecode.cpp.h; path = CArea.hpp; sourceTree = "<group>"; };
		A77E80B82780C0E900E42AD8 /* CMap.cpp */ = {isa = PBXFileReference; lastKnownFileType = sourcecode.cpp.cpp; path = CMap.cpp; sourceTree = "<group>"; };
		A77E80B92780C0E900E42AD8 /* CMap.hpp */ = {isa = PBXFileReference; lastKnownFileType = sourcecode.cpp.h; path = CMap.hpp; sourceTree = "<group>"; };
		A77E80BB2780C0F400E42AD8 /* CTile.cpp */ = {isa = PBXFileReference; lastKnownFileType = sourcecode.cpp.cpp; path = CTile.cpp; sourceTree = "<group>"; };
		A77E80BC2780C0F400E42AD8 /* CTile.hpp */ = {isa = PBXFileReference; lastKnownFileType = sourcecode.cpp.h; path = CTile.hpp; sourceTree = "<group>"; };
		A77E80CD2780CF0800E42AD8 /* map */ = {isa = PBXFileReference; lastKnownFileType = folder; path = map; sourceTree = "<group>"; };
		A77E80CE2780DCD900E42AD8 /* CCamera.cpp */ = {isa = PBXFileReference; lastKnownFileType = sourcecode.cpp.cpp; path = CCamera.cpp; sourceTree = "<group>"; };
		A77E80CF2780DCD900E42AD8 /* CCamera.hpp */ = {isa = PBXFileReference; lastKnownFileType = sourcecode.cpp.h; path = CCamera.hpp; sourceTree = "<group>"; };
		A77E80D32780F95800E42AD8 /* Pokimac */ = {isa = PBXFileReference; explicitFileType = "compiled.mach-o.executable"; includeInIndex = 0; path = Pokimac; sourceTree = BUILT_PRODUCTS_DIR; };
		A77E80D62781134D00E42AD8 /* Cocoa.framework */ = {isa = PBXFileReference; lastKnownFileType = wrapper.framework; name = Cocoa.framework; path = System/Library/Frameworks/Cocoa.framework; sourceTree = SDKROOT; };
		A77E80D82781135300E42AD8 /* Foundation.framework */ = {isa = PBXFileReference; lastKnownFileType = wrapper.framework; name = Foundation.framework; path = System/Library/Frameworks/Foundation.framework; sourceTree = SDKROOT; };
		A77E80DA2781BB7300E42AD8 /* CFPS.cpp */ = {isa = PBXFileReference; lastKnownFileType = sourcecode.cpp.cpp; path = CFPS.cpp; sourceTree = "<group>"; };
		A77E80DB2781BB7300E42AD8 /* CFPS.hpp */ = {isa = PBXFileReference; lastKnownFileType = sourcecode.cpp.h; path = CFPS.hpp; sourceTree = "<group>"; };
		A77E80DD2781C31900E42AD8 /* CEntityCol.cpp */ = {isa = PBXFileReference; lastKnownFileType = sourcecode.cpp.cpp; path = CEntityCol.cpp; sourceTree = "<group>"; };
		A77E80DF2781D25000E42AD8 /* CPlayer.cpp */ = {isa = PBXFileReference; lastKnownFileType = sourcecode.cpp.cpp; path = CPlayer.cpp; sourceTree = "<group>"; };
		A77E80E02781D25000E42AD8 /* CPlayer.hpp */ = {isa = PBXFileReference; lastKnownFileType = sourcecode.cpp.h; path = CPlayer.hpp; sourceTree = "<group>"; };
		A77E80E22781EFC200E42AD8 /* libSDL_ttf.a */ = {isa = PBXFileReference; lastKnownFileType = archive.ar; name = libSDL_ttf.a; path = ../../../../../../../usr/local/Cellar/sdl_ttf/2.0.11_1/lib/libSDL_ttf.a; sourceTree = "<group>"; };
		A77E80E32781F0D400E42AD8 /* CApp_Text.cpp */ = {isa = PBXFileReference; lastKnownFileType = sourcecode.cpp.cpp; path = CApp_Text.cpp; sourceTree = "<group>"; };
		A77E80E82783AB7A00E42AD8 /* font */ = {isa = PBXFileReference; lastKnownFileType = folder; name = font; path = Pokimac/font; sourceTree = "<group>"; };
		A77E80E92783AB7A00E42AD8 /* map */ = {isa = PBXFileReference; lastKnownFileType = folder; name = map; path = Pokimac/map; sourceTree = "<group>"; };
		A77E80EA2783AB7A00E42AD8 /* tileset */ = {isa = PBXFileReference; lastKnownFileType = folder; name = tileset; path = Pokimac/tileset; sourceTree = "<group>"; };
		A77E80EB2783AB7A00E42AD8 /* img */ = {isa = PBXFileReference; lastKnownFileType = folder; name = img; path = Pokimac/img; sourceTree = "<group>"; };
		A77E80F02783AC3500E42AD8 /* img */ = {isa = PBXFileReference; lastKnownFileType = folder; name = img; path = Pokimac/img; sourceTree = "<group>"; };
		A77E80F22783C87600E42AD8 /* CTimer.cpp */ = {isa = PBXFileReference; lastKnownFileType = sourcecode.cpp.cpp; path = CTimer.cpp; sourceTree = "<group>"; };
		A77E80F32783C87600E42AD8 /* CTimer.hpp */ = {isa = PBXFileReference; lastKnownFileType = sourcecode.cpp.h; path = CTimer.hpp; sourceTree = "<group>"; };
		A77E80F62793349A00E42AD8 /* CApp.cpp */ = {isa = PBXFileReference; lastKnownFileType = sourcecode.cpp.cpp; path = CApp.cpp; sourceTree = "<group>"; };
		A7BF0C7F277DD84200FAA46B /* CApp.h */ = {isa = PBXFileReference; lastKnownFileType = sourcecode.c.h; path = CApp.h; sourceTree = "<group>"; };
		A7BF0C80277DD9A100FAA46B /* CApp_OnInit.cpp */ = {isa = PBXFileReference; lastKnownFileType = sourcecode.cpp.cpp; path = CApp_OnInit.cpp; sourceTree = "<group>"; };
		A7BF0C82277DD9B700FAA46B /* CApp_OnEvent.cpp */ = {isa = PBXFileReference; lastKnownFileType = sourcecode.cpp.cpp; path = CApp_OnEvent.cpp; sourceTree = "<group>"; };
		A7BF0C84277DD9C900FAA46B /* CApp_OnLoop.cpp */ = {isa = PBXFileReference; lastKnownFileType = sourcecode.cpp.cpp; path = CApp_OnLoop.cpp; sourceTree = "<group>"; };
		A7BF0C86277DD9DF00FAA46B /* CApp_OnRender.cpp */ = {isa = PBXFileReference; lastKnownFileType = sourcecode.cpp.cpp; path = CApp_OnRender.cpp; sourceTree = "<group>"; };
		A7BF0C88277DD9EF00FAA46B /* CApp_OnCleanup.cpp */ = {isa = PBXFileReference; lastKnownFileType = sourcecode.cpp.cpp; path = CApp_OnCleanup.cpp; sourceTree = "<group>"; };
		A7D956B6277DF482003F0AC3 /* CSurface.cpp */ = {isa = PBXFileReference; lastKnownFileType = sourcecode.cpp.cpp; path = CSurface.cpp; sourceTree = "<group>"; };
		A7D956B7277DF482003F0AC3 /* CSurface.hpp */ = {isa = PBXFileReference; lastKnownFileType = sourcecode.cpp.h; path = CSurface.hpp; sourceTree = "<group>"; };
/* End PBXFileReference section */

/* Begin PBXFrameworksBuildPhase section */
		A7BF0C6A277DD0EF00FAA46B /* Frameworks */ = {
			isa = PBXFrameworksBuildPhase;
			buildActionMask = 2147483647;
			files = (
				A77E80D92781135300E42AD8 /* Foundation.framework in Frameworks */,
				A77E80D72781134D00E42AD8 /* Cocoa.framework in Frameworks */,
				6431A2652782DE6300EC05FC /* libSDLmain.a in Frameworks */,
				64E909B02782DEF600933B8B /* libSDL_ttf.a in Frameworks */,
				64A5605C2782DECA002B8A78 /* libSDL_image.a in Frameworks */,
				A77E8058277F6DB200E42AD8 /* libSDL.a in Frameworks */,
				A77E805F277F756000E42AD8 /* libSDLmain.a in Frameworks */,
			);
			runOnlyForDeploymentPostprocessing = 0;
		};
/* End PBXFrameworksBuildPhase section */

/* Begin PBXGroup section */
		A7784175277E0F4600660EF5 /* img */ = {
			isa = PBXGroup;
			children = (
				A7784174277E0D5400660EF5 /* sample.bmp */,
			);
			path = img;
			sourceTree = "<group>";
		};
		A7784194277F254900660EF5 /* Frameworks */ = {
			isa = PBXGroup;
			children = (
				64A5605D2782DEDB002B8A78 /* libSDL_ttf.a */,
				6431A2682782DEAF00EC05FC /* libSDL_image.a */,
				6431A2672782DE9600EC05FC /* libSDLmain.a */,
				6431A2662782DE6C00EC05FC /* libSDL_image.a */,
				A77E80E22781EFC200E42AD8 /* libSDL_ttf.a */,
				A77E80D82781135300E42AD8 /* Foundation.framework */,
				A77E80D62781134D00E42AD8 /* Cocoa.framework */,
				A77E805E277F756000E42AD8 /* libSDLmain.a */,
				A77E805B277F748600E42AD8 /* libSDL_image.a */,
				A77E8057277F6DB200E42AD8 /* libSDL.a */,
			);
			name = Frameworks;
			sourceTree = "<group>";
		};
		A77E80C92780C5E900E42AD8 /* tileset */ = {
			isa = PBXGroup;
			children = (
			);
			path = tileset;
			sourceTree = "<group>";
		};
		A7BF0C64277DD0EF00FAA46B = {
			isa = PBXGroup;
			children = (
				A77E80F02783AC3500E42AD8 /* img */,
				A77E80EB2783AB7A00E42AD8 /* img */,
				A77E80E82783AB7A00E42AD8 /* font */,
				A77E80E92783AB7A00E42AD8 /* map */,
				A77E80EA2783AB7A00E42AD8 /* tileset */,
				A7BF0C6F277DD0EF00FAA46B /* Pokimac */,
				A7784194277F254900660EF5 /* Frameworks */,
				A77E80D32780F95800E42AD8 /* Pokimac */,
			);
			sourceTree = "<group>";
		};
		A7BF0C6F277DD0EF00FAA46B /* Pokimac */ = {
			isa = PBXGroup;
			children = (
				A77E80CD2780CF0800E42AD8 /* map */,
				A77E80C92780C5E900E42AD8 /* tileset */,
				A7784175277E0F4600660EF5 /* img */,
				6431A2632782DE0A00EC05FC /* main.cpp */,
				A77E80F62793349A00E42AD8 /* CApp.cpp */,
				A7BF0C7F277DD84200FAA46B /* CApp.h */,
				A7BF0C80277DD9A100FAA46B /* CApp_OnInit.cpp */,
				A7BF0C82277DD9B700FAA46B /* CApp_OnEvent.cpp */,
				A7BF0C84277DD9C900FAA46B /* CApp_OnLoop.cpp */,
				A7BF0C86277DD9DF00FAA46B /* CApp_OnRender.cpp */,
				A7BF0C88277DD9EF00FAA46B /* CApp_OnCleanup.cpp */,
				A77E80E32781F0D400E42AD8 /* CApp_Text.cpp */,
				A7D956B6277DF482003F0AC3 /* CSurface.cpp */,
				A7D956B7277DF482003F0AC3 /* CSurface.hpp */,
				A7784178277F1F2200660EF5 /* CEvent.cpp */,
				A7784179277F1F2200660EF5 /* CEvent.hpp */,
				A77E80A5278083D400E42AD8 /* CAnimation.cpp */,
				A77E80A6278083D400E42AD8 /* CAnimation.hpp */,
				A77E80DD2781C31900E42AD8 /* CEntityCol.cpp */,
				A77E80B12780B48F00E42AD8 /* CEntity.cpp */,
				A77E80B22780B48F00E42AD8 /* CEntity.hpp */,
				A77E80B42780C0C300E42AD8 /* Define.h */,
				A77E80B52780C0D600E42AD8 /* CArea.cpp */,
				A77E80B62780C0D600E42AD8 /* CArea.hpp */,
				A77E80B82780C0E900E42AD8 /* CMap.cpp */,
				A77E80B92780C0E900E42AD8 /* CMap.hpp */,
				A77E80BB2780C0F400E42AD8 /* CTile.cpp */,
				A77E80BC2780C0F400E42AD8 /* CTile.hpp */,
				A77E80CE2780DCD900E42AD8 /* CCamera.cpp */,
				A77E80CF2780DCD900E42AD8 /* CCamera.hpp */,
				A77E80DA2781BB7300E42AD8 /* CFPS.cpp */,
				A77E80DB2781BB7300E42AD8 /* CFPS.hpp */,
				A77E80DF2781D25000E42AD8 /* CPlayer.cpp */,
				A77E80E02781D25000E42AD8 /* CPlayer.hpp */,
				A77E80F22783C87600E42AD8 /* CTimer.cpp */,
				A77E80F32783C87600E42AD8 /* CTimer.hpp */,
				64E721192787231D0020A636 /* CPokimac.cpp */,
				64E7211A2787231D0020A636 /* CPokimac.hpp */,
				64E7211C278832EA0020A636 /* CHouse.cpp */,
				64E7211D278832EA0020A636 /* CHouse.hpp */,
				64E7211F27885E090020A636 /* CMenu.cpp */,
				64E7212027885E090020A636 /* CMenu.hpp */,
				64CACAA6278C34CA006890D0 /* CRand.cpp */,
				64CACAA3278C25E6006890D0 /* CBattle.cpp */,
				64CACAA4278C25E6006890D0 /* CBattle.hpp */,
				64CACAA8278F0070006890D0 /* CVFX.cpp */,
				64CACAA9278F0071006890D0 /* CVFX.hpp */,
			);
			path = Pokimac;
			sourceTree = "<group>";
		};
/* End PBXGroup section */

/* Begin PBXNativeTarget section */
		A7BF0C6C277DD0EF00FAA46B /* Pokimac */ = {
			isa = PBXNativeTarget;
			buildConfigurationList = A7BF0C74277DD0EF00FAA46B /* Build configuration list for PBXNativeTarget "Pokimac" */;
			buildPhases = (
				A7BF0C69277DD0EF00FAA46B /* Sources */,
				A7BF0C6A277DD0EF00FAA46B /* Frameworks */,
				A7BF0C6B277DD0EF00FAA46B /* Copy Files */,
				A7BF0C97277DECAC00FAA46B /* Embed Frameworks */,
			);
			buildRules = (
			);
			dependencies = (
			);
			name = Pokimac;
			productName = test_SDL;
			productReference = A77E80D32780F95800E42AD8 /* Pokimac */;
			productType = "com.apple.product-type.tool";
		};
/* End PBXNativeTarget section */

/* Begin PBXProject section */
		A7BF0C65277DD0EF00FAA46B /* Project object */ = {
			isa = PBXProject;
			attributes = {
				BuildIndependentTargetsInParallel = 1;
				LastUpgradeCheck = 1320;
				TargetAttributes = {
					A7BF0C6C277DD0EF00FAA46B = {
						CreatedOnToolsVersion = 13.2.1;
					};
				};
			};
			buildConfigurationList = A7BF0C68277DD0EF00FAA46B /* Build configuration list for PBXProject "Pokimac" */;
			compatibilityVersion = "Xcode 13.0";
			developmentRegion = en;
			hasScannedForEncodings = 0;
			knownRegions = (
				en,
				Base,
			);
			mainGroup = A7BF0C64277DD0EF00FAA46B;
			productRefGroup = A7BF0C64277DD0EF00FAA46B;
			projectDirPath = "";
			projectRoot = "";
			targets = (
				A7BF0C6C277DD0EF00FAA46B /* Pokimac */,
			);
		};
/* End PBXProject section */

/* Begin PBXSourcesBuildPhase section */
		A7BF0C69277DD0EF00FAA46B /* Sources */ = {
			isa = PBXSourcesBuildPhase;
			buildActionMask = 2147483647;
			files = (
				64CACAA5278C25E6006890D0 /* CBattle.cpp in Sources */,
				A77E80F72793349A00E42AD8 /* CApp.cpp in Sources */,
				A77E80D02780DCD900E42AD8 /* CCamera.cpp in Sources */,
				64CACAA7278C34CA006890D0 /* CRand.cpp in Sources */,
				64E7211B2787231D0020A636 /* CPokimac.cpp in Sources */,
				64E7212127885E090020A636 /* CMenu.cpp in Sources */,
				A77E80B32780B48F00E42AD8 /* CEntity.cpp in Sources */,
				6431A2642782DE0A00EC05FC /* main.cpp in Sources */,
				A77E80E42781F0D400E42AD8 /* CApp_Text.cpp in Sources */,
				A778417A277F1F2200660EF5 /* CEvent.cpp in Sources */,
				A7BF0C83277DD9B700FAA46B /* CApp_OnEvent.cpp in Sources */,
				A7BF0C89277DD9EF00FAA46B /* CApp_OnCleanup.cpp in Sources */,
				A7D956B8277DF482003F0AC3 /* CSurface.cpp in Sources */,
				A77E80BD2780C0F400E42AD8 /* CTile.cpp in Sources */,
				A7BF0C87277DD9DF00FAA46B /* CApp_OnRender.cpp in Sources */,
				64CACAAA278F0071006890D0 /* CVFX.cpp in Sources */,
				64E7211E278832EA0020A636 /* CHouse.cpp in Sources */,
				A77E80DC2781BB7300E42AD8 /* CFPS.cpp in Sources */,
				A77E80BA2780C0E900E42AD8 /* CMap.cpp in Sources */,
				A7BF0C81277DD9A100FAA46B /* CApp_OnInit.cpp in Sources */,
				A77E80E12781D25000E42AD8 /* CPlayer.cpp in Sources */,
				A7BF0C85277DD9C900FAA46B /* CApp_OnLoop.cpp in Sources */,
				A77E80DE2781C31900E42AD8 /* CEntityCol.cpp in Sources */,
				A77E80B72780C0D600E42AD8 /* CArea.cpp in Sources */,
				A77E80A7278083D400E42AD8 /* CAnimation.cpp in Sources */,
				A77E80F42783C87600E42AD8 /* CTimer.cpp in Sources */,
			);
			runOnlyForDeploymentPostprocessing = 0;
		};
/* End PBXSourcesBuildPhase section */

/* Begin XCBuildConfiguration section */
		A7BF0C72277DD0EF00FAA46B /* Debug */ = {
			isa = XCBuildConfiguration;
			buildSettings = {
				ALWAYS_SEARCH_USER_PATHS = NO;
				CLANG_ANALYZER_NONNULL = YES;
				CLANG_ANALYZER_NUMBER_OBJECT_CONVERSION = YES_AGGRESSIVE;
				CLANG_CXX_LANGUAGE_STANDARD = "gnu++17";
				CLANG_CXX_LIBRARY = "libc++";
				CLANG_ENABLE_MODULES = YES;
				CLANG_ENABLE_OBJC_ARC = NO;
				CLANG_ENABLE_OBJC_WEAK = YES;
				CLANG_WARN_BLOCK_CAPTURE_AUTORELEASING = YES;
				CLANG_WARN_BOOL_CONVERSION = YES;
				CLANG_WARN_COMMA = YES;
				CLANG_WARN_CONSTANT_CONVERSION = YES;
				CLANG_WARN_DEPRECATED_OBJC_IMPLEMENTATIONS = YES;
				CLANG_WARN_DIRECT_OBJC_ISA_USAGE = YES_ERROR;
				CLANG_WARN_DOCUMENTATION_COMMENTS = YES;
				CLANG_WARN_EMPTY_BODY = YES;
				CLANG_WARN_ENUM_CONVERSION = YES;
				CLANG_WARN_INFINITE_RECURSION = YES;
				CLANG_WARN_INT_CONVERSION = YES;
				CLANG_WARN_NON_LITERAL_NULL_CONVERSION = YES;
				CLANG_WARN_OBJC_IMPLICIT_RETAIN_SELF = YES;
				CLANG_WARN_OBJC_LITERAL_CONVERSION = YES;
				CLANG_WARN_OBJC_ROOT_CLASS = YES_ERROR;
				CLANG_WARN_QUOTED_INCLUDE_IN_FRAMEWORK_HEADER = YES;
				CLANG_WARN_RANGE_LOOP_ANALYSIS = YES;
				CLANG_WARN_STRICT_PROTOTYPES = YES;
				CLANG_WARN_SUSPICIOUS_MOVE = YES;
				CLANG_WARN_UNGUARDED_AVAILABILITY = YES_AGGRESSIVE;
				CLANG_WARN_UNREACHABLE_CODE = YES;
				CLANG_WARN__DUPLICATE_METHOD_MATCH = YES;
				COPY_PHASE_STRIP = NO;
				DEBUG_INFORMATION_FORMAT = dwarf;
				ENABLE_STRICT_OBJC_MSGSEND = YES;
				ENABLE_TESTABILITY = YES;
				GCC_C_LANGUAGE_STANDARD = gnu11;
				GCC_DYNAMIC_NO_PIC = NO;
				GCC_NO_COMMON_BLOCKS = YES;
				GCC_OPTIMIZATION_LEVEL = 0;
				GCC_PREPROCESSOR_DEFINITIONS = (
					"DEBUG=1",
					"$(inherited)",
				);
				GCC_WARN_64_TO_32_BIT_CONVERSION = YES;
				GCC_WARN_ABOUT_RETURN_TYPE = YES_ERROR;
				GCC_WARN_UNDECLARED_SELECTOR = YES;
				GCC_WARN_UNINITIALIZED_AUTOS = YES_AGGRESSIVE;
				GCC_WARN_UNUSED_FUNCTION = YES;
				GCC_WARN_UNUSED_VARIABLE = YES;
				HEADER_SEARCH_PATHS = "";
				LIBRARY_SEARCH_PATHS = "";
				MACOSX_DEPLOYMENT_TARGET = 11.6;
				MTL_ENABLE_DEBUG_INFO = INCLUDE_SOURCE;
				MTL_FAST_MATH = YES;
				ONLY_ACTIVE_ARCH = YES;
				SDKROOT = macosx;
				USER_HEADER_SEARCH_PATHS = "";
			};
			name = Debug;
		};
		A7BF0C73277DD0EF00FAA46B /* Release */ = {
			isa = XCBuildConfiguration;
			buildSettings = {
				ALWAYS_SEARCH_USER_PATHS = NO;
				CLANG_ANALYZER_NONNULL = YES;
				CLANG_ANALYZER_NUMBER_OBJECT_CONVERSION = YES_AGGRESSIVE;
				CLANG_CXX_LANGUAGE_STANDARD = "gnu++17";
				CLANG_CXX_LIBRARY = "libc++";
				CLANG_ENABLE_MODULES = YES;
				CLANG_ENABLE_OBJC_ARC = NO;
				CLANG_ENABLE_OBJC_WEAK = YES;
				CLANG_WARN_BLOCK_CAPTURE_AUTORELEASING = YES;
				CLANG_WARN_BOOL_CONVERSION = YES;
				CLANG_WARN_COMMA = YES;
				CLANG_WARN_CONSTANT_CONVERSION = YES;
				CLANG_WARN_DEPRECATED_OBJC_IMPLEMENTATIONS = YES;
				CLANG_WARN_DIRECT_OBJC_ISA_USAGE = YES_ERROR;
				CLANG_WARN_DOCUMENTATION_COMMENTS = YES;
				CLANG_WARN_EMPTY_BODY = YES;
				CLANG_WARN_ENUM_CONVERSION = YES;
				CLANG_WARN_INFINITE_RECURSION = YES;
				CLANG_WARN_INT_CONVERSION = YES;
				CLANG_WARN_NON_LITERAL_NULL_CONVERSION = YES;
				CLANG_WARN_OBJC_IMPLICIT_RETAIN_SELF = YES;
				CLANG_WARN_OBJC_LITERAL_CONVERSION = YES;
				CLANG_WARN_OBJC_ROOT_CLASS = YES_ERROR;
				CLANG_WARN_QUOTED_INCLUDE_IN_FRAMEWORK_HEADER = YES;
				CLANG_WARN_RANGE_LOOP_ANALYSIS = YES;
				CLANG_WARN_STRICT_PROTOTYPES = YES;
				CLANG_WARN_SUSPICIOUS_MOVE = YES;
				CLANG_WARN_UNGUARDED_AVAILABILITY = YES_AGGRESSIVE;
				CLANG_WARN_UNREACHABLE_CODE = YES;
				CLANG_WARN__DUPLICATE_METHOD_MATCH = YES;
				COPY_PHASE_STRIP = NO;
				DEBUG_INFORMATION_FORMAT = "dwarf-with-dsym";
				ENABLE_NS_ASSERTIONS = NO;
				ENABLE_STRICT_OBJC_MSGSEND = YES;
				GCC_C_LANGUAGE_STANDARD = gnu11;
				GCC_NO_COMMON_BLOCKS = YES;
				GCC_WARN_64_TO_32_BIT_CONVERSION = YES;
				GCC_WARN_ABOUT_RETURN_TYPE = YES_ERROR;
				GCC_WARN_UNDECLARED_SELECTOR = YES;
				GCC_WARN_UNINITIALIZED_AUTOS = YES_AGGRESSIVE;
				GCC_WARN_UNUSED_FUNCTION = YES;
				GCC_WARN_UNUSED_VARIABLE = YES;
				HEADER_SEARCH_PATHS = "";
				LIBRARY_SEARCH_PATHS = "";
				MACOSX_DEPLOYMENT_TARGET = 11.6;
				MTL_ENABLE_DEBUG_INFO = NO;
				MTL_FAST_MATH = YES;
				SDKROOT = macosx;
				USER_HEADER_SEARCH_PATHS = "";
			};
			name = Release;
		};
		A7BF0C75277DD0EF00FAA46B /* Debug */ = {
			isa = XCBuildConfiguration;
			buildSettings = {
				CLANG_ENABLE_OBJC_ARC = YES;
				CODE_SIGN_STYLE = Automatic;
				FRAMEWORK_SEARCH_PATHS = (
					"$(inherited)",
					"$(LOCAL_LIBRARY_DIR)/Frameworks",
				);
				HEADER_SEARCH_PATHS = (
					"/usr/local/Cellar/sdl/1.2.15_3/include/**",
					/usr/local/Cellar/sdl_image/1.2.12_7/include,
					/usr/local/Cellar/sdl_ttf/2.0.11_1/include,
				);
				LIBRARY_SEARCH_PATHS = (
					/usr/local/Cellar/sdl/1.2.15_3/lib,
					/usr/local/Cellar/sdl_image/1.2.12_7/lib,
					/usr/local/Cellar/sdl_ttf/2.0.11_1/lib,
					"$(PROJECT_DIR)",
					"$(inherited)",
				);
				PRODUCT_NAME = "$(TARGET_NAME)";
				USER_HEADER_SEARCH_PATHS = "";
			};
			name = Debug;
		};
		A7BF0C76277DD0EF00FAA46B /* Release */ = {
			isa = XCBuildConfiguration;
			buildSettings = {
				CLANG_ENABLE_OBJC_ARC = YES;
				CODE_SIGN_STYLE = Automatic;
				FRAMEWORK_SEARCH_PATHS = (
					"$(inherited)",
					"$(LOCAL_LIBRARY_DIR)/Frameworks",
				);
				HEADER_SEARCH_PATHS = (
					"/usr/local/Cellar/sdl/1.2.15_3/include/**",
					/usr/local/Cellar/sdl_image/1.2.12_7/include,
					/usr/local/Cellar/sdl_ttf/2.0.11_1/include,
				);
				LIBRARY_SEARCH_PATHS = (
					/usr/local/Cellar/sdl/1.2.15_3/lib,
					/usr/local/Cellar/sdl_image/1.2.12_7/lib,
					/usr/local/Cellar/sdl_ttf/2.0.11_1/lib,
					"$(PROJECT_DIR)",
					"$(inherited)",
				);
				PRODUCT_NAME = "$(TARGET_NAME)";
				USER_HEADER_SEARCH_PATHS = "";
			};
			name = Release;
		};
/* End XCBuildConfiguration section */

/* Begin XCConfigurationList section */
		A7BF0C68277DD0EF00FAA46B /* Build configuration list for PBXProject "Pokimac" */ = {
			isa = XCConfigurationList;
			buildConfigurations = (
				A7BF0C72277DD0EF00FAA46B /* Debug */,
				A7BF0C73277DD0EF00FAA46B /* Release */,
			);
			defaultConfigurationIsVisible = 0;
			defaultConfigurationName = Release;
		};
		A7BF0C74277DD0EF00FAA46B /* Build configuration list for PBXNativeTarget "Pokimac" */ = {
			isa = XCConfigurationList;
			buildConfigurations = (
				A7BF0C75277DD0EF00FAA46B /* Debug */,
				A7BF0C76277DD0EF00FAA46B /* Release */,
			);
			defaultConfigurationIsVisible = 0;
			defaultConfigurationName = Release;
		};
/* End XCConfigurationList section */
	};
	rootObject = A7BF0C65277DD0EF00FAA46B /* Project object */;
}
